{
  "lockfile_version": "1",
  "packages": {
    "bun@latest": {
      "last_modified": "2026-07-23T05:10:05Z",
      "resolved": "github:NixOS/nixpkgs/7525d999cd850b9a488817abc89c75dc733acf17#bun",
      "source": "devbox-search",
      "version": "1.3.13",
      "systems": {
        "aarch64-darwin": {
          "outputs": [
            {
              "name": "out",
              "path": "/nix/store/47hbvqy9am0l7103p018rpk9mqcrmbg8-bun-1.3.13",
              "default": true
            }
          ],
          "store_path": "/nix/store/47hbvqy9am0l7103p018rpk9mqcrmbg8-bun-1.3.13"
        },
        "aarch64-linux": {
          "outputs": [
            {
              "name": "out",
              "path": "/nix/store/ia99fsq757ifpq8c52llq2v17aidxmnn-bun-1.3.13",
              "default": true
            }
          ],
          "store_path": "/nix/store/ia99fsq757ifpq8c52llq2v17aidxmnn-bun-1.3.13"
        },
        "x86_64-darwin": {
          "outputs": [
            {
              "name": "out",
              "path": "/nix/store/wn9cggwqflvqryxxb9xinl9iygndm8d9-bun-1.3.13",
              "default": true
            }
          ],
          "store_path": "/nix/store/wn9cggwqflvqryxxb9xinl9iygndm8d9-bun-1.3.13"
        },
        "x86_64-linux": {
          "outputs": [
            {
              "name": "out",
              "path": "/nix/store/fs2axbvhmim3y1dwzpf5mh56569h15df-bun-1.3.13",
              "default": true
            }
          ],
          "store_path": "/nix/store/fs2axbvhmim3y1dwzpf5mh56569h15df-bun-1.3.13"
        }
      }
    },
    "charm-freeze@latest": {
      "last_modified": "2026-08-01T16:34:20Z",
      "resolved": "github:NixOS/nixpkgs/a5cbcfe954791221bfffe2307f7d1a1bf61a871e#charm-freeze",
      "source": "devbox-search",
      "version": "0.2.2",
      "systems": {
        "aarch64-darwin": {
          "outputs": [
            {
              "name": "out",
              "path": "/nix/store/9fcy0kb2z995n71nzy3vi7fnj1c00hhx-charm-freeze-0.2.2",
              "default": true
            }
          ],
          "store_path": "/nix/store/9fcy0kb2z995n71nzy3vi7fnj1c00hhx-charm-freeze-0.2.2"
        },
        "aarch64-linux": {
          "outputs": [
            {
              "name": "out",
              "path": "/nix/store/sj0shixr64ps7m9m06lrrflbibr99s7z-charm-freeze-0.2.2",
              "default": true
            }
          ],
          "store_path": "/nix/store/sj0shixr64ps7m9m06lrrflbibr99s7z-charm-freeze-0.2.2"
        },
        "x86_64-darwin": {
          "outputs": [
            {
              "name": "out",
              "path": "/nix/store/c0x13sn714v2mp5mnzbp88lgh01aw8w1-charm-freeze-0.2.2",
              "default": true
            }
          ],
          "store_path": "/nix/store/c0x13sn714v2mp5mnzbp88lgh01aw8w1-charm-freeze-0.2.2"
        },
        "x86_64-linux": {
          "outputs": [
            {
              "name": "out",
              "path": "/nix/store/dknk9kispdd4rk62fimvpyl30y6zsa2h-charm-freeze-0.2.2",
              "default": true
            }
          ],
          "store_path": "/nix/store/dknk9kispdd4rk62fimvpyl30y6zsa2h-charm-freeze-0.2.2"
        }
      }
    },
    "gcc@latest": {
      "last_modified": "2026-07-23T05:10:05Z",
      "resolved": "github:NixOS/nixpkgs/7525d999cd850b9a488817abc89c75dc733acf17#gcc16",
      "source": "devbox-search",
      "version": "16.1.0",
      "systems": {
        "aarch64-darwin": {
          "outputs": [
            {
              "name": "out",
              "path": "/nix/store/bf394pv1jfxdms2s2d3wk2j2v1li65nk-gcc-wrapper-16.1.0",
              "default": true
            },
            {
              "name": "man",
              "path": "/nix/store/xp91j1hb7i4br18p7xwldcddjfxxc3nv-gcc-wrapper-16.1.0-man",
              "default": true
            },
            {
              "name": "info",
              "path": "/nix/store/2vq08ic4zqyfhwl7yr04x2gr26rkz3c2-gcc-wrapper-16.1.0-info"
            }
          ],
          "store_path": "/nix/store/bf394pv1jfxdms2s2d3wk2j2v1li65nk-gcc-wrapper-16.1.0"
        },
        "aarch64-linux": {
          "outputs": [
            {
              "name": "out",
              "path": "/nix/store/gnc477mw8nzh4w3y39gijm0srn9j5w0h-gcc-wrapper-16.1.0",
              "default": true
            },
            {
              "name": "man",
              "path": "/nix/store/wxsd1nlnnb3qgsj0d26bn4h15fda4ip3-gcc-wrapper-16.1.0-man",
              "default": true
            },
            {
              "name": "info",
              "path": "/nix/store/gs08wmpmi84r5chpi8sljm30g3q229kz-gcc-wrapper-16.1.0-info"
            }
          ],
          "store_path": "/nix/store/gnc477mw8nzh4w3y39gijm0srn9j5w0h-gcc-wrapper-16.1.0"
        },
        "x86_64-darwin": {
          "outputs": [
            {
              "name": "out",
              "path": "/nix/store/jzilyaw3qkqjzh1r7wqif4mha4k1ajfg-gcc-wrapper-16.1.0",
              "default": true
            },
            {
              "name": "man",
              "path": "/nix/store/g14prjlbbjcmp9fnd8wmsvsn3l7jq86j-gcc-wrapper-16.1.0-man",
              "default": true
            },
            {
              "name": "info",
              "path": "/nix/store/b2h9pa7ynmf99cqfg58nnpz0b1zicapd-gcc-wrapper-16.1.0-info"
            }
          ],
          "store_path": "/nix/store/jzilyaw3qkqjzh1r7wqif4mha4k1ajfg-gcc-wrapper-16.1.0"
        },
        "x86_64-linux": {
          "outputs": [
            {
              "name": "out",
              "path": "/nix/store/1p1wjrxmzj51gn2cy8kycspmqqmp6dkw-gcc-wrapper-16.1.0",
              "default": true
            },
            {
              "name": "man",
              "path": "/nix/store/ixwa3nilsi2w03b59i8i0x2fkzlcm2jx-gcc-wrapper-16.1.0-man",
              "default": true
            },
            {
              "name": "info",
              "path": "/nix/store/sv02l4pwbx4kvw8vxp3fp62mf19wxz8d-gcc-wrapper-16.1.0-info"
            }
          ],
          "store_path": "/nix/store/1p1wjrxmzj51gn2cy8kycspmqqmp6dkw-gcc-wrapper-16.1.0"
        }
      }
    },
    "github:NixOS/nixpkgs/nixpkgs-unstable": {
      "last_modified": "2026-08-01T16:34:20Z",
      "resolved": "github:NixOS/nixpkgs/a5cbcfe954791221bfffe2307f7d1a1bf61a871e?lastModified=1785602060&narHash=sha256-z7D96eESRM4CPV%2FXtwpwFn8IDdfLAmxz6lVWrGYXvR4%3D"
    },
    "go@latest": {
      "last_modified": "2026-07-23T05:10:05Z",
      "resolved": "github:NixOS/nixpkgs/7525d999cd850b9a488817abc89c75dc733acf17#go",
      "source": "devbox-search",
      "version": "1.26.5",
      "systems": {
        "aarch64-darwin": {
          "outputs": [
            {
              "name": "out",
              "path": "/nix/store/naw4mj4s58ymzlc10a76y79m40w3wfpp-go-1.26.5",
              "default": true
            }
          ],
          "store_path": "/nix/store/naw4mj4s58ymzlc10a76y79m40w3wfpp-go-1.26.5"
        },
        "aarch64-linux": {
          "outputs": [
            {
              "name": "out",
              "path": "/nix/store/fhg6v8k9hbqpr4b2zcmd099afxh7qxw0-go-1.26.5",
              "default": true
            }
          ],
          "store_path": "/nix/store/fhg6v8k9hbqpr4b2zcmd099afxh7qxw0-go-1.26.5"
        },
        "x86_64-linux": {
          "outputs": [
            {
              "name": "out",
              "path": "/nix/store/rcz9i4msbg3178grqll9h98b07dwk7zg-go-1.26.5",
              "default": true
            }
          ],
          "store_path": "/nix/store/rcz9i4msbg3178grqll9h98b07dwk7zg-go-1.26.5"
        }
      }
    },
    "golangci-lint@latest": {
      "last_modified": "2026-07-23T05:10:05Z",
      "resolved": "github:NixOS/nixpkgs/7525d999cd850b9a488817abc89c75dc733acf17#golangci-lint",
      "source": "devbox-search",
      "version": "2.12.2",
      "systems": {
        "aarch64-darwin": {
          "outputs": [
            {
              "name": "out",
              "path": "/nix/store/l2j3j7nvynbk0gw5km9pknizq593633j-golangci-lint-2.12.2",
              "default": true
            }
          ],
          "store_path": "/nix/store/l2j3j7nvynbk0gw5km9pknizq593633j-golangci-lint-2.12.2"
        },
        "aarch64-linux": {
          "outputs": [
            {
              "name": "out",
              "path": "/nix/store/gpyxbilsvyw9wv49nh4ng6lva95z38j3-golangci-lint-2.12.2",
              "default": true
            }
          ],
          "store_path": "/nix/store/gpyxbilsvyw9wv49nh4ng6lva95z38j3-golangci-lint-2.12.2"
        },
        "x86_64-darwin": {
          "outputs": [
            {
              "name": "out",
              "path": "/nix/store/w8c3i6vmxnnj0xixvjsa9lva3rcd2rvs-golangci-lint-2.12.2",
              "default": true
            }
          ],
          "store_path": "/nix/store/w8c3i6vmxnnj0xixvjsa9lva3rcd2rvs-golangci-lint-2.12.2"
        },
        "x86_64-linux": {
          "outputs": [
            {
              "name": "out",
              "path": "/nix/store/47w5wfrc8bcvggamqqlvkyavpc9l2bsm-golangci-lint-2.12.2",
              "default": true
            }
          ],
          "store_path": "/nix/store/47w5wfrc8bcvggamqqlvkyavpc9l2bsm-golangci-lint-2.12.2"
        }
      }
    },
    "gopls@latest": {
      "last_modified": "2026-07-23T05:10:05Z",
      "resolved": "github:NixOS/nixpkgs/7525d999cd850b9a488817abc89c75dc733acf17#gopls",
      "source": "devbox-search",
      "version": "0.23.0",
      "systems": {
        "aarch64-darwin": {
          "outputs": [
            {
              "name": "out",
              "path": "/nix/store/ab921c9fhs4zy821n3qlpjy1kzn3rkvv-gopls-0.23.0",
              "default": true
            }
          ],
          "store_path": "/nix/store/ab921c9fhs4zy821n3qlpjy1kzn3rkvv-gopls-0.23.0"
        },
        "aarch64-linux": {
          "outputs": [
            {
              "name": "out",
              "path": "/nix/store/bncr1x5f8zbr8wvf4i9m5b6fk13ndy6m-gopls-0.23.0",
              "default": true
            }
          ],
          "store_path": "/nix/store/bncr1x5f8zbr8wvf4i9m5b6fk13ndy6m-gopls-0.23.0"
        },
        "x86_64-linux": {
          "outputs": [
            {
              "name": "out",
              "path": "/nix/store/hbfgq2k95zbbcbhy36b46bjw1sjsgghx-gopls-0.23.0",
              "default": true
            }
          ],
          "store_path": "/nix/store/hbfgq2k95zbbcbhy36b46bjw1sjsgghx-gopls-0.23.0"
        }
      }
    },
    "just@latest": {
      "last_modified": "2026-07-23T05:10:05Z",
      "resolved": "github:NixOS/nixpkgs/7525d999cd850b9a488817abc89c75dc733acf17#just",
      "source": "devbox-search",
      "version": "1.57.0",
      "systems": {
        "aarch64-darwin": {
          "outputs": [
            {
              "name": "out",
              "path": "/nix/store/197vj26rr8fsd93dzmwmwvjcqw7v24bk-just-1.57.0",
              "default": true
            },
            {
              "name": "man",
              "path": "/nix/store/0ff1nnr1rg6mnfmcprr9a4lg1ar7jby9-just-1.57.0-man",
              "default": true
            },
            {
              "name": "doc",
              "path": "/nix/store/jzbx2s1nzz7b9cinck1s0w54gr7g8q6x-just-1.57.0-doc"
            }
          ],
          "store_path": "/nix/store/197vj26rr8fsd93dzmwmwvjcqw7v24bk-just-1.57.0"
        },
        "aarch64-linux": {
          "outputs": [
            {
              "name": "out",
              "path": "/nix/store/ijj0f7avjl3lcahj3pq1prz32mcv1l8p-just-1.57.0",
              "default": true
            },
            {
              "name": "man",
              "path": "/nix/store/j5wx4dh05fp7gmziwv48j3n222iavl1j-just-1.57.0-man",
              "default": true
            },
            {
              "name": "doc",
              "path": "/nix/store/3a2icqfmckpph7a53rscxd70yzx13ai0-just-1.57.0-doc"
            }
          ],
          "store_path": "/nix/store/ijj0f7avjl3lcahj3pq1prz32mcv1l8p-just-1.57.0"
        },
        "x86_64-linux": {
          "outputs": [
            {
              "name": "out",
              "path": "/nix/store/70h070nb8c1l202a4gn58n6mxapbjhl9-just-1.57.0",
              "default": true
            },
            {
              "name": "man",
              "path": "/nix/store/5jqyaddlkly9bng1f3i2migfxp7fs7s0-just-1.57.0-man",
              "default": true
            },
            {
              "name": "doc",
              "path": "/nix/store/hazpa6bzrgc46bbf279wq15dasrid1hj-just-1.57.0-doc"
            }
          ],
          "store_path": "/nix/store/70h070nb8c1l202a4gn58n6mxapbjhl9-just-1.57.0"
        }
      }
    },
    "pkg-config@latest": {
      "last_modified": "2025-11-23T21:50:36Z",
      "resolved": "github:NixOS/nixpkgs/ee09932cedcef15aaf476f9343d1dea2cb77e261#pkg-config",
      "source": "devbox-search",
      "version": "0.29.2",
      "systems": {
        "aarch64-darwin": {
          "outputs": [
            {
              "name": "out",
              "path": "/nix/store/hygaaqwk9ylklp0ybwppqhw75nz8ya41-pkg-config-wrapper-0.29.2",
              "default": true
            },
            {
              "name": "man",
              "path": "/nix/store/9px0sji43x3r2w4zxl3j3idwsql7lwxx-pkg-config-wrapper-0.29.2-man",
              "default": true
            },
            {
              "name": "doc",
              "path": "/nix/store/hqk44ra6qxw7iixardl6c3hdgb9kq6ns-pkg-config-wrapper-0.29.2-doc"
            }
          ],
          "store_path": "/nix/store/hygaaqwk9ylklp0ybwppqhw75nz8ya41-pkg-config-wrapper-0.29.2"
        },
        "aarch64-linux": {
          "outputs": [
            {
              "name": "out",
              "path": "/nix/store/lbiigi8qbp7mzf1lpr7p982l1kyf01ql-pkg-config-wrapper-0.29.2",
              "default": true
            },
            {
              "name": "man",
              "path": "/nix/store/10060k24qggqyzlwdsfmni9y32zxcg0j-pkg-config-wrapper-0.29.2-man",
              "default": true
            },
            {
              "name": "doc",
              "path": "/nix/store/0y4v51ndpyvkj09hwlfqkz0c3h17zfmc-pkg-config-wrapper-0.29.2-doc"
            }
          ],
          "store_path": "/nix/store/lbiigi8qbp7mzf1lpr7p982l1kyf01ql-pkg-config-wrapper-0.29.2"
        },
        "x86_64-darwin": {
          "outputs": [
            {
              "name": "out",
              "path": "/nix/store/vknadizq0q5kffvx6y4379p9gdry9zq3-pkg-config-wrapper-0.29.2",
              "default": true
            },
            {
              "name": "man",
              "path": "/nix/store/1nyspra675q22gfhf7hn2nmfpi6rgim5-pkg-config-wrapper-0.29.2-man",
              "default": true
            },
            {
              "name": "doc",
              "path": "/nix/store/7lq1axxwrafwljs06n88bzyz9w523rkc-pkg-config-wrapper-0.29.2-doc"
            }
          ],
          "store_path": "/nix/store/vknadizq0q5kffvx6y4379p9gdry9zq3-pkg-config-wrapper-0.29.2"
        },
        "x86_64-linux": {
          "outputs": [
            {
              "name": "out",
              "path": "/nix/store/8vdiwpbh0g4avsd6x5v4s0di32vcl3dp-pkg-config-wrapper-0.29.2",
              "default": true
            },
            {
              "name": "man",
              "path": "/nix/store/j9xfpnrygg3v37svc5pfin9q5bm49r94-pkg-config-wrapper-0.29.2-man",
              "default": true
            },
            {
              "name": "doc",
              "path": "/nix/store/x3bypxdxaq20kykybhkf21x4jczsiy8y-pkg-config-wrapper-0.29.2-doc"
            }
          ],
          "store_path": "/nix/store/8vdiwpbh0g4avsd6x5v4s0di32vcl3dp-pkg-config-wrapper-0.29.2"
        }
      }
    },
    "protobuf@latest": {
      "last_modified": "2026-07-23T05:10:05Z",
      "resolved": "github:NixOS/nixpkgs/7525d999cd850b9a488817abc89c75dc733acf17#protobuf",
      "source": "devbox-search",
      "version": "35.1",
      "systems": {
        "aarch64-darwin": {
          "outputs": [
            {
              "name": "out",
              "path": "/nix/store/p9ikr9n1ckkm1wbrv31rz8hll2r74cfc-protobuf-35.1",
              "default": true
            }
          ],
          "store_path": "/nix/store/p9ikr9n1ckkm1wbrv31rz8hll2r74cfc-protobuf-35.1"
        },
        "aarch64-linux": {
          "outputs": [
            {
              "name": "out",
              "path": "/nix/store/4ybgg15qdjnlfckqar016ryjvag9yfpx-protobuf-35.1",
              "default": true
            },
            {
              "name": "debug",
              "path": "/nix/store/z5d4n830nwp8cap78k5jryw8xkpw4ixg-protobuf-35.1-debug"
            }
          ],
          "store_path": "/nix/store/4ybgg15qdjnlfckqar016ryjvag9yfpx-protobuf-35.1"
        },
        "x86_64-linux": {
          "outputs": [
            {
              "name": "out",
              "path": "/nix/store/ilj7wlw3rh408lv96k7vglxzbb0mhf1d-protobuf-35.1",
              "default": true
            },
            {
              "name": "debug",
              "path": "/nix/store/r6f0cfsckaklml7kv6fwjs0fq99vxmy1-protobuf-35.1-debug"
            }
          ],
          "store_path": "/nix/store/ilj7wlw3rh408lv96k7vglxzbb0mhf1d-protobuf-35.1"
        }
      }
    },
    "webkitgtk_4_1@latest": {
      "last_modified": "2026-07-23T05:10:05Z",
      "resolved": "github:NixOS/nixpkgs/7525d999cd850b9a488817abc89c75dc733acf17#webkitgtk_4_1",
      "source": "devbox-search",
      "version": "2.52.5+abi=4.1",
      "systems": {
        "aarch64-linux": {
          "outputs": [
            {
              "name": "out",
              "path": "/nix/store/w8s6sy4gqg0zp2pk6b94wb32l0a0m4qq-webkitgtk-2.52.5+abi=4.1",
              "default": true
            },
            {
              "name": "debug",
              "path": "/nix/store/1gia24cy9zdfnk97ljkp1cp986r7ynma-webkitgtk-2.52.5+abi=4.1-debug"
            },
            {
              "name": "dev",
              "path": "/nix/store/r66w115kc0k2zfpbladxvg5ch7rrxsiq-webkitgtk-2.52.5+abi=4.1-dev"
            },
            {
              "name": "devdoc",
              "path": "/nix/store/iqk0cnr1ysysx2f75374y9396ad1bpav-webkitgtk-2.52.5+abi=4.1-devdoc"
            }
          ],
          "store_path": "/nix/store/w8s6sy4gqg0zp2pk6b94wb32l0a0m4qq-webkitgtk-2.52.5+abi=4.1"
        },
        "x86_64-linux": {
          "outputs": [
            {
              "name": "out",
              "path": "/nix/store/clhasr1lfayv6akwlbfz84g05v55yys9-webkitgtk-2.52.5+abi=4.1",
              "default": true
            },
            {
              "name": "debug",
              "path": "/nix/store/yjbllhxm3d79x08ixv4asjmigib85gcb-webkitgtk-2.52.5+abi=4.1-debug"
            },
            {
              "name": "dev",
              "path": "/nix/store/d1phwhydblvll7p7gad547ramzpwck4r-webkitgtk-2.52.5+abi=4.1-dev"
            },
            {
              "name": "devdoc",
              "path": "/nix/store/pjgpdjrg90nmh9w049028srhp0gc5vfy-webkitgtk-2.52.5+abi=4.1-devdoc"
            }
          ],
          "store_path": "/nix/store/clhasr1lfayv6akwlbfz84g05v55yys9-webkitgtk-2.52.5+abi=4.1"
        }
      }
    }
  }
}
