{
  "lockfile_version": "1",
  "packages": {
    "github:NixOS/nixpkgs/nixpkgs-unstable": {
      "last_modified": "2026-06-28T17:12:19Z",
      "resolved": "github:NixOS/nixpkgs/534ee3d8beb1737b5342995f8837e2b2705ce0d8?lastModified=1782666739&narHash=sha256-2CYuaRDT7hcYnGW%2B3TTTy%2BfNnY4jQ6%2FmGk6ew035XP4%3D"
    },
    "go@latest": {
      "last_modified": "2026-05-21T08:15:18Z",
      "resolved": "github:NixOS/nixpkgs/4a29d733e8a7d5b824c3d8c958a946a9867b3eb2#go",
      "source": "devbox-search",
      "version": "1.26.3",
      "systems": {
        "aarch64-darwin": {
          "outputs": [
            {
              "name": "out",
              "path": "/nix/store/7ycp8j45iay38g9mjaxmy4jhwdsrb47y-go-1.26.3",
              "default": true
            }
          ],
          "store_path": "/nix/store/7ycp8j45iay38g9mjaxmy4jhwdsrb47y-go-1.26.3"
        },
        "aarch64-linux": {
          "outputs": [
            {
              "name": "out",
              "path": "/nix/store/jkcwcbwvhgzmxg59798z4clmj4bfv42i-go-1.26.3",
              "default": true
            }
          ],
          "store_path": "/nix/store/jkcwcbwvhgzmxg59798z4clmj4bfv42i-go-1.26.3"
        },
        "x86_64-darwin": {
          "outputs": [
            {
              "name": "out",
              "path": "/nix/store/3f2jzvxmhhlarjqxy1p7i9r5l34siz29-go-1.26.3",
              "default": true
            }
          ],
          "store_path": "/nix/store/3f2jzvxmhhlarjqxy1p7i9r5l34siz29-go-1.26.3"
        },
        "x86_64-linux": {
          "outputs": [
            {
              "name": "out",
              "path": "/nix/store/33fw5m31lfcnk4ff2f0df7j2bxnh8lgk-go-1.26.3",
              "default": true
            }
          ],
          "store_path": "/nix/store/33fw5m31lfcnk4ff2f0df7j2bxnh8lgk-go-1.26.3"
        }
      }
    },
    "golangci-lint@latest": {
      "last_modified": "2026-05-21T08:15:18Z",
      "resolved": "github:NixOS/nixpkgs/4a29d733e8a7d5b824c3d8c958a946a9867b3eb2#golangci-lint",
      "source": "devbox-search",
      "version": "2.12.2",
      "systems": {
        "aarch64-darwin": {
          "outputs": [
            {
              "name": "out",
              "path": "/nix/store/paiggn2x6idsnhzn6ss6sdn87lvqadlf-golangci-lint-2.12.2",
              "default": true
            }
          ],
          "store_path": "/nix/store/paiggn2x6idsnhzn6ss6sdn87lvqadlf-golangci-lint-2.12.2"
        },
        "aarch64-linux": {
          "outputs": [
            {
              "name": "out",
              "path": "/nix/store/mxcfgfnl675mlqnm7v3zliq0y1wisw7i-golangci-lint-2.12.2",
              "default": true
            }
          ],
          "store_path": "/nix/store/mxcfgfnl675mlqnm7v3zliq0y1wisw7i-golangci-lint-2.12.2"
        },
        "x86_64-darwin": {
          "outputs": [
            {
              "name": "out",
              "path": "/nix/store/80gb4fz1fs06h9y8c7xb80yfz0zd3qaa-golangci-lint-2.12.2",
              "default": true
            }
          ],
          "store_path": "/nix/store/80gb4fz1fs06h9y8c7xb80yfz0zd3qaa-golangci-lint-2.12.2"
        },
        "x86_64-linux": {
          "outputs": [
            {
              "name": "out",
              "path": "/nix/store/x3ism4ihdsansi2y1ldhs78244pxv22w-golangci-lint-2.12.2",
              "default": true
            }
          ],
          "store_path": "/nix/store/x3ism4ihdsansi2y1ldhs78244pxv22w-golangci-lint-2.12.2"
        }
      }
    },
    "gopls@latest": {
      "last_modified": "2026-05-21T08:15:18Z",
      "resolved": "github:NixOS/nixpkgs/4a29d733e8a7d5b824c3d8c958a946a9867b3eb2#gopls",
      "source": "devbox-search",
      "version": "0.22.0",
      "systems": {
        "aarch64-darwin": {
          "outputs": [
            {
              "name": "out",
              "path": "/nix/store/kh5qjkc2nia7fjanfkb9l39k7wjr5z0p-gopls-0.22.0",
              "default": true
            }
          ],
          "store_path": "/nix/store/kh5qjkc2nia7fjanfkb9l39k7wjr5z0p-gopls-0.22.0"
        },
        "aarch64-linux": {
          "outputs": [
            {
              "name": "out",
              "path": "/nix/store/slx20ndx3asarpd5kykfwssa8bxspyny-gopls-0.22.0",
              "default": true
            }
          ],
          "store_path": "/nix/store/slx20ndx3asarpd5kykfwssa8bxspyny-gopls-0.22.0"
        },
        "x86_64-darwin": {
          "outputs": [
            {
              "name": "out",
              "path": "/nix/store/02pjl4mlqf9b8ynfpas5b63zdgn4y33i-gopls-0.22.0",
              "default": true
            }
          ],
          "store_path": "/nix/store/02pjl4mlqf9b8ynfpas5b63zdgn4y33i-gopls-0.22.0"
        },
        "x86_64-linux": {
          "outputs": [
            {
              "name": "out",
              "path": "/nix/store/2j2ic8l0xgarlckkmc6k7dh9v4j6ip3b-gopls-0.22.0",
              "default": true
            }
          ],
          "store_path": "/nix/store/2j2ic8l0xgarlckkmc6k7dh9v4j6ip3b-gopls-0.22.0"
        }
      }
    },
    "just@latest": {
      "last_modified": "2026-06-22T09:00:13Z",
      "resolved": "github:NixOS/nixpkgs/b3c092d3c36d91e2f61f3dfb39a159f180a56659#just",
      "source": "devbox-search",
      "version": "1.53.0",
      "systems": {
        "aarch64-darwin": {
          "outputs": [
            {
              "name": "out",
              "path": "/nix/store/qzcfi3lhaln1gfbfp0m455lg3b253k73-just-1.53.0",
              "default": true
            },
            {
              "name": "man",
              "path": "/nix/store/3s9jx5zqmxkq06v1jmvx7afgm4c30v7b-just-1.53.0-man",
              "default": true
            },
            {
              "name": "doc",
              "path": "/nix/store/3y6gm7gdb1d4bds2i84hcsafm67gak89-just-1.53.0-doc"
            }
          ],
          "store_path": "/nix/store/qzcfi3lhaln1gfbfp0m455lg3b253k73-just-1.53.0"
        },
        "aarch64-linux": {
          "outputs": [
            {
              "name": "out",
              "path": "/nix/store/11vqnmg20rfj2l3rcdxfxdiimlh3429q-just-1.53.0",
              "default": true
            },
            {
              "name": "man",
              "path": "/nix/store/85lach9maydzka3v9gnnxd154l6c0g1f-just-1.53.0-man",
              "default": true
            },
            {
              "name": "doc",
              "path": "/nix/store/j3n0wnfnnppwvis73c07mfajg1wbhlf9-just-1.53.0-doc"
            }
          ],
          "store_path": "/nix/store/11vqnmg20rfj2l3rcdxfxdiimlh3429q-just-1.53.0"
        },
        "x86_64-darwin": {
          "outputs": [
            {
              "name": "out",
              "path": "/nix/store/2dgihfc7c755qdganrmg3ny8yslk7180-just-1.53.0",
              "default": true
            },
            {
              "name": "man",
              "path": "/nix/store/pffpwj8ciyip83hly3kjvv64w2x97x28-just-1.53.0-man",
              "default": true
            },
            {
              "name": "doc",
              "path": "/nix/store/k2z6y62d2k2g1m13fwbg7cmqd6bbxiyw-just-1.53.0-doc"
            }
          ],
          "store_path": "/nix/store/2dgihfc7c755qdganrmg3ny8yslk7180-just-1.53.0"
        },
        "x86_64-linux": {
          "outputs": [
            {
              "name": "out",
              "path": "/nix/store/ajycqj9hm5316j7rys0al2kbmyv24yzd-just-1.53.0",
              "default": true
            },
            {
              "name": "man",
              "path": "/nix/store/7x8chhvwdpsyxlz48b4by03rzqli9yag-just-1.53.0-man",
              "default": true
            },
            {
              "name": "doc",
              "path": "/nix/store/017cyxc2jx2bmsvsm4j53dz3awaaq5id-just-1.53.0-doc"
            }
          ],
          "store_path": "/nix/store/ajycqj9hm5316j7rys0al2kbmyv24yzd-just-1.53.0"
        }
      }
    },
    "nodejs@26": {
      "last_modified": "2026-06-22T09:00:13Z",
      "plugin_version": "0.0.4",
      "resolved": "github:NixOS/nixpkgs/b3c092d3c36d91e2f61f3dfb39a159f180a56659#nodejs_26",
      "source": "devbox-search",
      "version": "26.3.1",
      "systems": {
        "aarch64-darwin": {
          "outputs": [
            {
              "name": "out",
              "path": "/nix/store/4vsghy73m3avl125hgcfi47zl30bgckk-nodejs-26.3.1",
              "default": true
            }
          ],
          "store_path": "/nix/store/4vsghy73m3avl125hgcfi47zl30bgckk-nodejs-26.3.1"
        },
        "aarch64-linux": {
          "outputs": [
            {
              "name": "out",
              "path": "/nix/store/hai9lafg40lrnnj4n7ma00lw2lln9272-nodejs-26.3.1",
              "default": true
            }
          ],
          "store_path": "/nix/store/hai9lafg40lrnnj4n7ma00lw2lln9272-nodejs-26.3.1"
        },
        "x86_64-darwin": {
          "outputs": [
            {
              "name": "out",
              "path": "/nix/store/d2psl5gpk7jqqc12zv4i75sspkpkggpm-nodejs-26.3.1",
              "default": true
            }
          ],
          "store_path": "/nix/store/d2psl5gpk7jqqc12zv4i75sspkpkggpm-nodejs-26.3.1"
        },
        "x86_64-linux": {
          "outputs": [
            {
              "name": "out",
              "path": "/nix/store/q8zsbl8xg2dhg0y8gc22zgblkyhxxgp3-nodejs-26.3.1",
              "default": true
            }
          ],
          "store_path": "/nix/store/q8zsbl8xg2dhg0y8gc22zgblkyhxxgp3-nodejs-26.3.1"
        }
      }
    },
    "pkg-config@latest": {
      "last_modified": "2025-11-23T21:50:36Z",
      "resolved": "github:NixOS/nixpkgs/ee09932cedcef15aaf476f9343d1dea2cb77e261#pkg-config",
      "source": "devbox-search",
      "version": "0.29.2",
      "systems": {
        "aarch64-darwin": {
          "outputs": [
            {
              "name": "out",
              "path": "/nix/store/hygaaqwk9ylklp0ybwppqhw75nz8ya41-pkg-config-wrapper-0.29.2",
              "default": true
            },
            {
              "name": "man",
              "path": "/nix/store/9px0sji43x3r2w4zxl3j3idwsql7lwxx-pkg-config-wrapper-0.29.2-man",
              "default": true
            },
            {
              "name": "doc",
              "path": "/nix/store/hqk44ra6qxw7iixardl6c3hdgb9kq6ns-pkg-config-wrapper-0.29.2-doc"
            }
          ],
          "store_path": "/nix/store/hygaaqwk9ylklp0ybwppqhw75nz8ya41-pkg-config-wrapper-0.29.2"
        },
        "aarch64-linux": {
          "outputs": [
            {
              "name": "out",
              "path": "/nix/store/lbiigi8qbp7mzf1lpr7p982l1kyf01ql-pkg-config-wrapper-0.29.2",
              "default": true
            },
            {
              "name": "man",
              "path": "/nix/store/10060k24qggqyzlwdsfmni9y32zxcg0j-pkg-config-wrapper-0.29.2-man",
              "default": true
            },
            {
              "name": "doc",
              "path": "/nix/store/0y4v51ndpyvkj09hwlfqkz0c3h17zfmc-pkg-config-wrapper-0.29.2-doc"
            }
          ],
          "store_path": "/nix/store/lbiigi8qbp7mzf1lpr7p982l1kyf01ql-pkg-config-wrapper-0.29.2"
        },
        "x86_64-darwin": {
          "outputs": [
            {
              "name": "out",
              "path": "/nix/store/vknadizq0q5kffvx6y4379p9gdry9zq3-pkg-config-wrapper-0.29.2",
              "default": true
            },
            {
              "name": "man",
              "path": "/nix/store/1nyspra675q22gfhf7hn2nmfpi6rgim5-pkg-config-wrapper-0.29.2-man",
              "default": true
            },
            {
              "name": "doc",
              "path": "/nix/store/7lq1axxwrafwljs06n88bzyz9w523rkc-pkg-config-wrapper-0.29.2-doc"
            }
          ],
          "store_path": "/nix/store/vknadizq0q5kffvx6y4379p9gdry9zq3-pkg-config-wrapper-0.29.2"
        },
        "x86_64-linux": {
          "outputs": [
            {
              "name": "out",
              "path": "/nix/store/8vdiwpbh0g4avsd6x5v4s0di32vcl3dp-pkg-config-wrapper-0.29.2",
              "default": true
            },
            {
              "name": "man",
              "path": "/nix/store/j9xfpnrygg3v37svc5pfin9q5bm49r94-pkg-config-wrapper-0.29.2-man",
              "default": true
            },
            {
              "name": "doc",
              "path": "/nix/store/x3bypxdxaq20kykybhkf21x4jczsiy8y-pkg-config-wrapper-0.29.2-doc"
            }
          ],
          "store_path": "/nix/store/8vdiwpbh0g4avsd6x5v4s0di32vcl3dp-pkg-config-wrapper-0.29.2"
        }
      }
    },
    "protobuf@latest": {
      "last_modified": "2026-05-21T08:15:18Z",
      "resolved": "github:NixOS/nixpkgs/4a29d733e8a7d5b824c3d8c958a946a9867b3eb2#protobuf",
      "source": "devbox-search",
      "version": "34.1",
      "systems": {
        "aarch64-darwin": {
          "outputs": [
            {
              "name": "out",
              "path": "/nix/store/bzm9cz6jc7qg5an67f5gdymlq5pkd1m8-protobuf-34.1",
              "default": true
            }
          ],
          "store_path": "/nix/store/bzm9cz6jc7qg5an67f5gdymlq5pkd1m8-protobuf-34.1"
        },
        "aarch64-linux": {
          "outputs": [
            {
              "name": "out",
              "path": "/nix/store/wbmzaakxkc6ykn0nms9zi1n3i9xlvrmg-protobuf-34.1",
              "default": true
            },
            {
              "name": "debug",
              "path": "/nix/store/03rgs7lvjnmrjrki2bhbdcjh3yb12h3z-protobuf-34.1-debug"
            }
          ],
          "store_path": "/nix/store/wbmzaakxkc6ykn0nms9zi1n3i9xlvrmg-protobuf-34.1"
        },
        "x86_64-darwin": {
          "outputs": [
            {
              "name": "out",
              "path": "/nix/store/g92nm6nd2rpxz5cb4kf8v78havfkfky8-protobuf-34.1",
              "default": true
            }
          ],
          "store_path": "/nix/store/g92nm6nd2rpxz5cb4kf8v78havfkfky8-protobuf-34.1"
        },
        "x86_64-linux": {
          "outputs": [
            {
              "name": "out",
              "path": "/nix/store/armsfbcsbzax7pnkim9cqgkx8n747n31-protobuf-34.1",
              "default": true
            },
            {
              "name": "debug",
              "path": "/nix/store/hjqp9qjjywsdsvf2sgs111rgs44vpnd4-protobuf-34.1-debug"
            }
          ],
          "store_path": "/nix/store/armsfbcsbzax7pnkim9cqgkx8n747n31-protobuf-34.1"
        }
      }
    },
    "webkitgtk_4_1@latest": {
      "last_modified": "2026-06-23T00:43:55Z",
      "resolved": "github:NixOS/nixpkgs/89570f24e97e614aa34aa9ab1c927b6578a43775#webkitgtk_4_1",
      "source": "devbox-search",
      "version": "2.52.4+abi=4.1",
      "systems": {
        "aarch64-linux": {
          "outputs": [
            {
              "name": "out",
              "path": "/nix/store/j6qwswln42y8mxiy8ql5kbvfc2g8if5k-webkitgtk-2.52.4+abi=4.1",
              "default": true
            },
            {
              "name": "dev",
              "path": "/nix/store/cyfa3ck9pwr5dsinf8sswcgvqdhb7pzl-webkitgtk-2.52.4+abi=4.1-dev"
            },
            {
              "name": "devdoc",
              "path": "/nix/store/h8w25y0h4df01kx84gl6dgm0sb9nwbnp-webkitgtk-2.52.4+abi=4.1-devdoc"
            },
            {
              "name": "debug",
              "path": "/nix/store/qcygyvgxcfvyamfaga1gsh0jj7ka253y-webkitgtk-2.52.4+abi=4.1-debug"
            }
          ],
          "store_path": "/nix/store/j6qwswln42y8mxiy8ql5kbvfc2g8if5k-webkitgtk-2.52.4+abi=4.1"
        },
        "x86_64-linux": {
          "outputs": [
            {
              "name": "out",
              "path": "/nix/store/f9zsbigij2k503m6s2yqhw9pqyzhcd68-webkitgtk-2.52.4+abi=4.1",
              "default": true
            },
            {
              "name": "devdoc",
              "path": "/nix/store/13c3rihnw090mghzjxi59qwig546v9h9-webkitgtk-2.52.4+abi=4.1-devdoc"
            },
            {
              "name": "debug",
              "path": "/nix/store/f5180r8pdbr32jdkc9vz1761kjns605m-webkitgtk-2.52.4+abi=4.1-debug"
            },
            {
              "name": "dev",
              "path": "/nix/store/d09sj53a8nhvl5gb7w3qdwgrz022pppp-webkitgtk-2.52.4+abi=4.1-dev"
            }
          ],
          "store_path": "/nix/store/f9zsbigij2k503m6s2yqhw9pqyzhcd68-webkitgtk-2.52.4+abi=4.1"
        }
      }
    }
  }
}
