{
  "lockfile_version": "1",
  "packages": {
    "github:NixOS/nixpkgs/nixpkgs-unstable": {
      "last_modified": "2026-07-20T05:30:19Z",
      "resolved": "github:NixOS/nixpkgs/a16c3fde2ffeab7f6326f50f460aaffde7ae066d?lastModified=1784525419&narHash=sha256-yocJ4I4Kd4as0UPMFs9P7laPvvA2x%2FBj8EW46iW3VVM%3D"
    },
    "go@latest": {
      "last_modified": "2026-06-27T07:37:20Z",
      "resolved": "github:NixOS/nixpkgs/3d46470bb3030020f7e1361f33514854f5bfa86d#go",
      "source": "devbox-search",
      "version": "1.26.4",
      "systems": {
        "aarch64-darwin": {
          "outputs": [
            {
              "name": "out",
              "path": "/nix/store/kyai650rrywrzflnwda9mbk2c2j9w68r-go-1.26.4",
              "default": true
            }
          ],
          "store_path": "/nix/store/kyai650rrywrzflnwda9mbk2c2j9w68r-go-1.26.4"
        },
        "aarch64-linux": {
          "outputs": [
            {
              "name": "out",
              "path": "/nix/store/lgcj27hrbanbc93xm9zdrldds7b1jrw8-go-1.26.4",
              "default": true
            }
          ],
          "store_path": "/nix/store/lgcj27hrbanbc93xm9zdrldds7b1jrw8-go-1.26.4"
        },
        "x86_64-darwin": {
          "outputs": [
            {
              "name": "out",
              "path": "/nix/store/h0z6ghmi3cihlbm163d72xs9p9nn04a1-go-1.26.4",
              "default": true
            }
          ],
          "store_path": "/nix/store/h0z6ghmi3cihlbm163d72xs9p9nn04a1-go-1.26.4"
        },
        "x86_64-linux": {
          "outputs": [
            {
              "name": "out",
              "path": "/nix/store/gb0njhqswlc5n127ikgyikvq39r40l6f-go-1.26.4",
              "default": true
            }
          ],
          "store_path": "/nix/store/gb0njhqswlc5n127ikgyikvq39r40l6f-go-1.26.4"
        }
      }
    },
    "golangci-lint@latest": {
      "last_modified": "2026-06-27T07:37:20Z",
      "resolved": "github:NixOS/nixpkgs/3d46470bb3030020f7e1361f33514854f5bfa86d#golangci-lint",
      "source": "devbox-search",
      "version": "2.12.2",
      "systems": {
        "aarch64-darwin": {
          "outputs": [
            {
              "name": "out",
              "path": "/nix/store/q0mwmg8zin7aw87bllirja1bq58mphh6-golangci-lint-2.12.2",
              "default": true
            }
          ],
          "store_path": "/nix/store/q0mwmg8zin7aw87bllirja1bq58mphh6-golangci-lint-2.12.2"
        },
        "aarch64-linux": {
          "outputs": [
            {
              "name": "out",
              "path": "/nix/store/i6f2vzix80whq7z1z1pklzflxk5nbkwd-golangci-lint-2.12.2",
              "default": true
            }
          ],
          "store_path": "/nix/store/i6f2vzix80whq7z1z1pklzflxk5nbkwd-golangci-lint-2.12.2"
        },
        "x86_64-darwin": {
          "outputs": [
            {
              "name": "out",
              "path": "/nix/store/w8c3i6vmxnnj0xixvjsa9lva3rcd2rvs-golangci-lint-2.12.2",
              "default": true
            }
          ],
          "store_path": "/nix/store/w8c3i6vmxnnj0xixvjsa9lva3rcd2rvs-golangci-lint-2.12.2"
        },
        "x86_64-linux": {
          "outputs": [
            {
              "name": "out",
              "path": "/nix/store/1r5xmhis3iq5cn3wfq2jn62yiwsb97sc-golangci-lint-2.12.2",
              "default": true
            }
          ],
          "store_path": "/nix/store/1r5xmhis3iq5cn3wfq2jn62yiwsb97sc-golangci-lint-2.12.2"
        }
      }
    },
    "gopls@latest": {
      "last_modified": "2026-06-27T07:37:20Z",
      "resolved": "github:NixOS/nixpkgs/3d46470bb3030020f7e1361f33514854f5bfa86d#gopls",
      "source": "devbox-search",
      "version": "0.22.0",
      "systems": {
        "aarch64-darwin": {
          "outputs": [
            {
              "name": "out",
              "path": "/nix/store/arv7k4nzcm19y615n1za89npjwcw4g2s-gopls-0.22.0",
              "default": true
            }
          ],
          "store_path": "/nix/store/arv7k4nzcm19y615n1za89npjwcw4g2s-gopls-0.22.0"
        },
        "aarch64-linux": {
          "outputs": [
            {
              "name": "out",
              "path": "/nix/store/w9hyh9fphlz401rhmv91sva94cpicy8q-gopls-0.22.0",
              "default": true
            }
          ],
          "store_path": "/nix/store/w9hyh9fphlz401rhmv91sva94cpicy8q-gopls-0.22.0"
        },
        "x86_64-darwin": {
          "outputs": [
            {
              "name": "out",
              "path": "/nix/store/6z8644fchcyp265bdfav43f0j99vagfd-gopls-0.22.0",
              "default": true
            }
          ],
          "store_path": "/nix/store/6z8644fchcyp265bdfav43f0j99vagfd-gopls-0.22.0"
        },
        "x86_64-linux": {
          "outputs": [
            {
              "name": "out",
              "path": "/nix/store/9p7k1w1dj1qzm6rmpb8apw4qq27mlqww-gopls-0.22.0",
              "default": true
            }
          ],
          "store_path": "/nix/store/9p7k1w1dj1qzm6rmpb8apw4qq27mlqww-gopls-0.22.0"
        }
      }
    },
    "just@latest": {
      "last_modified": "2026-06-27T07:37:20Z",
      "resolved": "github:NixOS/nixpkgs/3d46470bb3030020f7e1361f33514854f5bfa86d#just",
      "source": "devbox-search",
      "version": "1.54.0",
      "systems": {
        "aarch64-darwin": {
          "outputs": [
            {
              "name": "out",
              "path": "/nix/store/gdbxf7azmrwyr00k313r888rw3gr6mfd-just-1.54.0",
              "default": true
            },
            {
              "name": "man",
              "path": "/nix/store/y0476rym2901gafsxcr29w07778qdbf5-just-1.54.0-man",
              "default": true
            },
            {
              "name": "doc",
              "path": "/nix/store/viaamsidc2a6i9hsk7sslcin5ccisiba-just-1.54.0-doc"
            }
          ],
          "store_path": "/nix/store/gdbxf7azmrwyr00k313r888rw3gr6mfd-just-1.54.0"
        },
        "aarch64-linux": {
          "outputs": [
            {
              "name": "out",
              "path": "/nix/store/gbw1366v4d2hp3lffvz3k4bvig8h79vp-just-1.54.0",
              "default": true
            },
            {
              "name": "man",
              "path": "/nix/store/fsx5gcfax6fhhyb1cxq2a6r6qn7604wd-just-1.54.0-man",
              "default": true
            },
            {
              "name": "doc",
              "path": "/nix/store/vakwrh7cdzs3c7rklgbz3r0ivdd7v6dq-just-1.54.0-doc"
            }
          ],
          "store_path": "/nix/store/gbw1366v4d2hp3lffvz3k4bvig8h79vp-just-1.54.0"
        },
        "x86_64-darwin": {
          "outputs": [
            {
              "name": "out",
              "path": "/nix/store/qlms9i3zdsqpfwmdslpkl2xdcs6k76ba-just-1.54.0",
              "default": true
            },
            {
              "name": "man",
              "path": "/nix/store/x78s7737cb11q36isfcd11h24jff2h2p-just-1.54.0-man",
              "default": true
            },
            {
              "name": "doc",
              "path": "/nix/store/br88ib3kmmiydm96k4c2m4nnmrgq3zcj-just-1.54.0-doc"
            }
          ],
          "store_path": "/nix/store/qlms9i3zdsqpfwmdslpkl2xdcs6k76ba-just-1.54.0"
        },
        "x86_64-linux": {
          "outputs": [
            {
              "name": "out",
              "path": "/nix/store/jkvmgfmklm7q60sd4jl56h0315kbgi27-just-1.54.0",
              "default": true
            },
            {
              "name": "man",
              "path": "/nix/store/8y75gr1mhidc6b7x56kalk5ydqni9bf4-just-1.54.0-man",
              "default": true
            },
            {
              "name": "doc",
              "path": "/nix/store/ghqfn9gcdravrniw7iacpb46g00wf1fk-just-1.54.0-doc"
            }
          ],
          "store_path": "/nix/store/jkvmgfmklm7q60sd4jl56h0315kbgi27-just-1.54.0"
        }
      }
    },
    "nodejs@26": {
      "last_modified": "2026-06-27T07:37:20Z",
      "plugin_version": "0.0.4",
      "resolved": "github:NixOS/nixpkgs/3d46470bb3030020f7e1361f33514854f5bfa86d#nodejs_26",
      "source": "devbox-search",
      "version": "26.4.0",
      "systems": {
        "aarch64-darwin": {
          "outputs": [
            {
              "name": "out",
              "path": "/nix/store/dz3nxng3029j1gc570pkwj8ahfdl3sa4-nodejs-26.4.0",
              "default": true
            }
          ],
          "store_path": "/nix/store/dz3nxng3029j1gc570pkwj8ahfdl3sa4-nodejs-26.4.0"
        },
        "aarch64-linux": {
          "outputs": [
            {
              "name": "out",
              "path": "/nix/store/4bv9k994r33svxczpy2wk3lhsrh3kspl-nodejs-26.4.0",
              "default": true
            }
          ],
          "store_path": "/nix/store/4bv9k994r33svxczpy2wk3lhsrh3kspl-nodejs-26.4.0"
        },
        "x86_64-darwin": {
          "outputs": [
            {
              "name": "out",
              "path": "/nix/store/wyxj7d54jggi26lnap66c858mb2l2m2q-nodejs-26.4.0",
              "default": true
            }
          ],
          "store_path": "/nix/store/wyxj7d54jggi26lnap66c858mb2l2m2q-nodejs-26.4.0"
        },
        "x86_64-linux": {
          "outputs": [
            {
              "name": "out",
              "path": "/nix/store/i2jf2l5lqhy3d7zy3lzx5wjydyzw2hwm-nodejs-26.4.0",
              "default": true
            }
          ],
          "store_path": "/nix/store/i2jf2l5lqhy3d7zy3lzx5wjydyzw2hwm-nodejs-26.4.0"
        }
      }
    },
    "npm-check-updates@latest": {
      "last_modified": "2026-06-27T07:37:20Z",
      "resolved": "github:NixOS/nixpkgs/3d46470bb3030020f7e1361f33514854f5bfa86d#npm-check-updates",
      "source": "devbox-search",
      "version": "19.3.2",
      "systems": {
        "aarch64-darwin": {
          "outputs": [
            {
              "name": "out",
              "path": "/nix/store/yimc0wlfbxllp8989yx578rh0plpd2mv-npm-check-updates-19.3.2",
              "default": true
            }
          ],
          "store_path": "/nix/store/yimc0wlfbxllp8989yx578rh0plpd2mv-npm-check-updates-19.3.2"
        },
        "aarch64-linux": {
          "outputs": [
            {
              "name": "out",
              "path": "/nix/store/axi1qb4bykzp08cdq21c8ghgimw9dkby-npm-check-updates-19.3.2",
              "default": true
            }
          ],
          "store_path": "/nix/store/axi1qb4bykzp08cdq21c8ghgimw9dkby-npm-check-updates-19.3.2"
        },
        "x86_64-darwin": {
          "outputs": [
            {
              "name": "out",
              "path": "/nix/store/ya890g02yyf945mdcl00vm63ff8aw72x-npm-check-updates-19.3.2",
              "default": true
            }
          ],
          "store_path": "/nix/store/ya890g02yyf945mdcl00vm63ff8aw72x-npm-check-updates-19.3.2"
        },
        "x86_64-linux": {
          "outputs": [
            {
              "name": "out",
              "path": "/nix/store/fzwp6z2qc5qk50pdkzbf7008ii1rhd8p-npm-check-updates-19.3.2",
              "default": true
            }
          ],
          "store_path": "/nix/store/fzwp6z2qc5qk50pdkzbf7008ii1rhd8p-npm-check-updates-19.3.2"
        }
      }
    },
    "pkg-config@latest": {
      "last_modified": "2025-11-23T21:50:36Z",
      "resolved": "github:NixOS/nixpkgs/ee09932cedcef15aaf476f9343d1dea2cb77e261#pkg-config",
      "source": "devbox-search",
      "version": "0.29.2",
      "systems": {
        "aarch64-darwin": {
          "outputs": [
            {
              "name": "out",
              "path": "/nix/store/hygaaqwk9ylklp0ybwppqhw75nz8ya41-pkg-config-wrapper-0.29.2",
              "default": true
            },
            {
              "name": "man",
              "path": "/nix/store/9px0sji43x3r2w4zxl3j3idwsql7lwxx-pkg-config-wrapper-0.29.2-man",
              "default": true
            },
            {
              "name": "doc",
              "path": "/nix/store/hqk44ra6qxw7iixardl6c3hdgb9kq6ns-pkg-config-wrapper-0.29.2-doc"
            }
          ],
          "store_path": "/nix/store/hygaaqwk9ylklp0ybwppqhw75nz8ya41-pkg-config-wrapper-0.29.2"
        },
        "aarch64-linux": {
          "outputs": [
            {
              "name": "out",
              "path": "/nix/store/lbiigi8qbp7mzf1lpr7p982l1kyf01ql-pkg-config-wrapper-0.29.2",
              "default": true
            },
            {
              "name": "man",
              "path": "/nix/store/10060k24qggqyzlwdsfmni9y32zxcg0j-pkg-config-wrapper-0.29.2-man",
              "default": true
            },
            {
              "name": "doc",
              "path": "/nix/store/0y4v51ndpyvkj09hwlfqkz0c3h17zfmc-pkg-config-wrapper-0.29.2-doc"
            }
          ],
          "store_path": "/nix/store/lbiigi8qbp7mzf1lpr7p982l1kyf01ql-pkg-config-wrapper-0.29.2"
        },
        "x86_64-darwin": {
          "outputs": [
            {
              "name": "out",
              "path": "/nix/store/vknadizq0q5kffvx6y4379p9gdry9zq3-pkg-config-wrapper-0.29.2",
              "default": true
            },
            {
              "name": "man",
              "path": "/nix/store/1nyspra675q22gfhf7hn2nmfpi6rgim5-pkg-config-wrapper-0.29.2-man",
              "default": true
            },
            {
              "name": "doc",
              "path": "/nix/store/7lq1axxwrafwljs06n88bzyz9w523rkc-pkg-config-wrapper-0.29.2-doc"
            }
          ],
          "store_path": "/nix/store/vknadizq0q5kffvx6y4379p9gdry9zq3-pkg-config-wrapper-0.29.2"
        },
        "x86_64-linux": {
          "outputs": [
            {
              "name": "out",
              "path": "/nix/store/8vdiwpbh0g4avsd6x5v4s0di32vcl3dp-pkg-config-wrapper-0.29.2",
              "default": true
            },
            {
              "name": "man",
              "path": "/nix/store/j9xfpnrygg3v37svc5pfin9q5bm49r94-pkg-config-wrapper-0.29.2-man",
              "default": true
            },
            {
              "name": "doc",
              "path": "/nix/store/x3bypxdxaq20kykybhkf21x4jczsiy8y-pkg-config-wrapper-0.29.2-doc"
            }
          ],
          "store_path": "/nix/store/8vdiwpbh0g4avsd6x5v4s0di32vcl3dp-pkg-config-wrapper-0.29.2"
        }
      }
    },
    "protobuf@latest": {
      "last_modified": "2026-06-27T07:37:20Z",
      "resolved": "github:NixOS/nixpkgs/3d46470bb3030020f7e1361f33514854f5bfa86d#protobuf",
      "source": "devbox-search",
      "version": "34.1",
      "systems": {
        "aarch64-darwin": {
          "outputs": [
            {
              "name": "out",
              "path": "/nix/store/s8xf69ignpxxf65zhshvqdgjyrmlnqcq-protobuf-34.1",
              "default": true
            }
          ],
          "store_path": "/nix/store/s8xf69ignpxxf65zhshvqdgjyrmlnqcq-protobuf-34.1"
        },
        "aarch64-linux": {
          "outputs": [
            {
              "name": "out",
              "path": "/nix/store/ljj2axd9q6h0vv5ydg1jyigmxcxamdw2-protobuf-34.1",
              "default": true
            },
            {
              "name": "debug",
              "path": "/nix/store/1fmclk4k69v10w7qhk1shwa4jm1jq82i-protobuf-34.1-debug"
            }
          ],
          "store_path": "/nix/store/ljj2axd9q6h0vv5ydg1jyigmxcxamdw2-protobuf-34.1"
        },
        "x86_64-darwin": {
          "outputs": [
            {
              "name": "out",
              "path": "/nix/store/ad4jv44ly3b99p8r5h7xii9f74mq1h3x-protobuf-34.1",
              "default": true
            }
          ],
          "store_path": "/nix/store/ad4jv44ly3b99p8r5h7xii9f74mq1h3x-protobuf-34.1"
        },
        "x86_64-linux": {
          "outputs": [
            {
              "name": "out",
              "path": "/nix/store/86h5zqwyw8gw7yn4lc1k6jqmfay74869-protobuf-34.1",
              "default": true
            },
            {
              "name": "debug",
              "path": "/nix/store/nbx413qzw7fcsjpsw4fcfil0hm5lkj6l-protobuf-34.1-debug"
            }
          ],
          "store_path": "/nix/store/86h5zqwyw8gw7yn4lc1k6jqmfay74869-protobuf-34.1"
        }
      }
    },
    "webkitgtk_4_1@latest": {
      "last_modified": "2026-06-28T08:48:41Z",
      "resolved": "github:NixOS/nixpkgs/e1c1b84752fb0897897380a3cae9dc7fcab91ca3#webkitgtk_4_1",
      "source": "devbox-search",
      "version": "2.52.4+abi=4.1",
      "systems": {
        "aarch64-linux": {
          "outputs": [
            {
              "name": "out",
              "path": "/nix/store/b669l4i5pakk07mhvcl5n2lk1g152wgw-webkitgtk-2.52.4+abi=4.1",
              "default": true
            },
            {
              "name": "debug",
              "path": "/nix/store/djj7v9m6jnhqrhg6vsisbfk0l6qdr57k-webkitgtk-2.52.4+abi=4.1-debug"
            },
            {
              "name": "dev",
              "path": "/nix/store/sscm0i5vbrc5r204jnbk3naiwqdy9knn-webkitgtk-2.52.4+abi=4.1-dev"
            },
            {
              "name": "devdoc",
              "path": "/nix/store/xzp4yn6hnwrv7rnn68l6ixyshg1cl3fd-webkitgtk-2.52.4+abi=4.1-devdoc"
            }
          ],
          "store_path": "/nix/store/b669l4i5pakk07mhvcl5n2lk1g152wgw-webkitgtk-2.52.4+abi=4.1"
        },
        "x86_64-linux": {
          "outputs": [
            {
              "name": "out",
              "path": "/nix/store/rsdvlq7wb59hdiwhhvkhx2xvxdkalkzc-webkitgtk-2.52.4+abi=4.1",
              "default": true
            },
            {
              "name": "debug",
              "path": "/nix/store/dd2qr1s0dxdcx5ndlmvfjc3g76ckmj77-webkitgtk-2.52.4+abi=4.1-debug"
            },
            {
              "name": "dev",
              "path": "/nix/store/6hykd73g2pb0v8b0xqfvdl82y4495ch3-webkitgtk-2.52.4+abi=4.1-dev"
            },
            {
              "name": "devdoc",
              "path": "/nix/store/l50r074gnrhp4q184xy0vldmry3haqp0-webkitgtk-2.52.4+abi=4.1-devdoc"
            }
          ],
          "store_path": "/nix/store/rsdvlq7wb59hdiwhhvkhx2xvxdkalkzc-webkitgtk-2.52.4+abi=4.1"
        }
      }
    }
  }
}
